
Microsoft Visual Studio Solution File, Format Version 12.00
# Visual Studio Version 17
VisualStudioVersion = 17.8.34330.188
MinimumVisualStudioVersion = 10.0.40219.1
Project("{8BC9CEB8-8B4A-11D0-8D11-00A0C91BC942}") = "BOJ_10173", "BOJ_10173\BOJ_10173.vcxproj", "{2E1AE190-80AF-42CC-AB27-FC08D762928F}"
EndProject
Global
	GlobalSection(SolutionConfigurationPlatforms) = preSolution
		Debug|x64 = Debug|x64
		Release|x64 = Release|x64
	EndGlobalSection
	GlobalSection(ProjectConfigurationPlatforms) = postSolution
		{2E1AE190-80AF-42CC-AB27-FC08D762928F}.Debug|x64.ActiveCfg = Debug|x64
		{2E1AE190-80AF-42CC-AB27-FC08D762928F}.Debug|x64.Build.0 = Debug|x64
		{2E1AE190-80AF-42CC-AB27-FC08D762928F}.Release|x64.ActiveCfg = Release|x64
		{2E1AE190-80AF-42CC-AB27-FC08D762928F}.Release|x64.Build.0 = Release|x64
	EndGlobalSection
	GlobalSection(SolutionProperties) = preSolution
		HideSolutionNode = FALSE
	EndGlobalSection
	GlobalSection(ExtensibilityGlobals) = postSolution
		SolutionGuid = {075D328D-A1BE-44E0-AEAC-2A208D8877F3}
	EndGlobalSection
EndGlobal
